{
  "name": "AtruX",
  "lockfileVersion": 3,
  "requires": true,
  "packages": {
    "": {
      "dependencies": {
        "react-native-dropdown-picker": "^5.4.6"
      }
    },
    "node_modules/react-native-dropdown-picker": {
      "version": "5.4.6",
      "resolved": "https://registry.npmjs.org/react-native-dropdown-picker/-/react-native-dropdown-picker-5.4.6.tgz",
      "integrity": "sha512-T1XBHbE++M6aRU3wFYw3MvcOuabhWZ29RK/Ivdls2r1ZkZ62iEBZknLUPeVLMX3x6iUxj4Zgr3X2DGlEGXeHsA==",
      "peerDependencies": {
        "react": "*",
        "react-native": "*"
      }
    }
  }
}
